
Microsoft Visual Studio Solution File, Format Version 12.00
# Visual Studio Version 17
VisualStudioVersion = 17.9.34407.89
MinimumVisualStudioVersion = 10.0.40219.1
Project("{FAE04EC0-301F-11D3-BF4B-00C04F79EFBC}") = "SpawnDev.EBML", "SpawnDev.EBML\SpawnDev.EBML.csproj", "{DEC7BF8B-AEB0-4A24-8D20-E4514549A2A7}"
EndProject
Project("{FAE04EC0-301F-11D3-BF4B-00C04F79EFBC}") = "BlazorEBMLViewer", "BlazorEBMLViewer\BlazorEBMLViewer.csproj", "{70B3DC83-19B7-4B28-9C26-2CD92C66ADA6}"
EndProject
Project("{FAE04EC0-301F-11D3-BF4B-00C04F79EFBC}") = "ConsoleEBMLViewer", "ConsoleEBMLViewer\ConsoleEBMLViewer.csproj", "{80FBC20A-A3DE-495A-B46A-BCF156BFECFF}"
EndProject
Global
	GlobalSection(SolutionConfigurationPlatforms) = preSolution
		Debug|Any CPU = Debug|Any CPU
		Release|Any CPU = Release|Any CPU
	EndGlobalSection
	GlobalSection(ProjectConfigurationPlatforms) = postSolution
		{DEC7BF8B-AEB0-4A24-8D20-E4514549A2A7}.Debug|Any CPU.ActiveCfg = Debug|Any CPU
		{DEC7BF8B-AEB0-4A24-8D20-E4514549A2A7}.Debug|Any CPU.Build.0 = Debug|Any CPU
		{DEC7BF8B-AEB0-4A24-8D20-E4514549A2A7}.Release|Any CPU.ActiveCfg = Release|Any CPU
		{DEC7BF8B-AEB0-4A24-8D20-E4514549A2A7}.Release|Any CPU.Build.0 = Release|Any CPU
		{70B3DC83-19B7-4B28-9C26-2CD92C66ADA6}.Debug|Any CPU.ActiveCfg = Debug|Any CPU
		{70B3DC83-19B7-4B28-9C26-2CD92C66ADA6}.Debug|Any CPU.Build.0 = Debug|Any CPU
		{70B3DC83-19B7-4B28-9C26-2CD92C66ADA6}.Release|Any CPU.ActiveCfg = Release|Any CPU
		{70B3DC83-19B7-4B28-9C26-2CD92C66ADA6}.Release|Any CPU.Build.0 = Release|Any CPU
		{80FBC20A-A3DE-495A-B46A-BCF156BFECFF}.Debug|Any CPU.ActiveCfg = Debug|Any CPU
		{80FBC20A-A3DE-495A-B46A-BCF156BFECFF}.Debug|Any CPU.Build.0 = Debug|Any CPU
		{80FBC20A-A3DE-495A-B46A-BCF156BFECFF}.Release|Any CPU.ActiveCfg = Release|Any CPU
		{80FBC20A-A3DE-495A-B46A-BCF156BFECFF}.Release|Any CPU.Build.0 = Release|Any CPU
	EndGlobalSection
	GlobalSection(SolutionProperties) = preSolution
		HideSolutionNode = FALSE
	EndGlobalSection
	GlobalSection(ExtensibilityGlobals) = postSolution
		SolutionGuid = {73B33837-9A17-4E9D-BC20-A3338431CA0F}
	EndGlobalSection
EndGlobal
